
Microsoft Visual Studio Solution File, Format Version 12.00
# Visual Studio Version 17
VisualStudioVersion = 17.7.34031.279
MinimumVisualStudioVersion = 10.0.40219.1
Project("{FAE04EC0-301F-11D3-BF4B-00C04F79EFBC}") = "calcularAreaTriangulo", "calcularAreaTriangulo\calcularAreaTriangulo.csproj", "{CCDCF2C6-FBA8-4C4F-A3AD-450472E77EA8}"
EndProject
Global
	GlobalSection(SolutionConfigurationPlatforms) = preSolution
		Debug|Any CPU = Debug|Any CPU
		Release|Any CPU = Release|Any CPU
	EndGlobalSection
	GlobalSection(ProjectConfigurationPlatforms) = postSolution
		{CCDCF2C6-FBA8-4C4F-A3AD-450472E77EA8}.Debug|Any CPU.ActiveCfg = Debug|Any CPU
		{CCDCF2C6-FBA8-4C4F-A3AD-450472E77EA8}.Debug|Any CPU.Build.0 = Debug|Any CPU
		{CCDCF2C6-FBA8-4C4F-A3AD-450472E77EA8}.Release|Any CPU.ActiveCfg = Release|Any CPU
		{CCDCF2C6-FBA8-4C4F-A3AD-450472E77EA8}.Release|Any CPU.Build.0 = Release|Any CPU
	EndGlobalSection
	GlobalSection(SolutionProperties) = preSolution
		HideSolutionNode = FALSE
	EndGlobalSection
	GlobalSection(ExtensibilityGlobals) = postSolution
		SolutionGuid = {9B4D4DDB-1C1D-4425-A90E-F6407DCACEA2}
	EndGlobalSection
EndGlobal
